{
  "nodes": {
    "nele": {
      "inputs": {
        "nixpkgs": [
          "nixpkgs"
        ]
      },
      "locked": {
        "lastModified": 1789220682,
        "narHash": "sha256-FWnpiPr10IhQxSA2QzOXNvVR6yQGSOZYy9q2kSoEluU=",
        "owner": "omega-800",
        "repo": "nele",
        "rev": "54e7243773e24b5b3ee655ce57546588ef0c935d",
        "type": "github"
      },
      "original": {
        "owner": "omega-800",
        "repo": "nele",
        "type": "github"
      }
    },
    "nixpkgs": {
      "locked": {
        "lastModified": 1788922888,
        "narHash": "sha256-QMX3uerxnW2R5dHcWpIQILHDltOZnon3x3Spq7EzBFI=",
        "owner": "NixOS",
        "repo": "nixpkgs",
        "rev": "a391f95d4557d685fd8e5dc0d4b1f9271aa2f342",
        "type": "github"
      },
      "original": {
        "owner": "NixOS",
        "ref": "nixpkgs-unstable",
        "repo": "nixpkgs",
        "type": "github"
      }
    },
    "root": {
      "inputs": {
        "nele": "nele",
        "nixpkgs": "nixpkgs"
      }
    }
  },
  "root": "root",
  "version": 7
}
